// !$*UTF8*$!
{
	archiveVersion = 1;
	classes = {
	};
	objectVersion = 50;
	objects = {

/* Begin PBXBuildFile section */
		1806CEC1243C5EE3007C75A5 /* AppDelegate.m in Sources */ = {isa = PBXBuildFile; fileRef = 1806CEC0243C5EE3007C75A5 /* AppDelegate.m */; };
		1806CEC4243C5EE3007C75A5 /* SceneDelegate.m in Sources */ = {isa = PBXBuildFile; fileRef = 1806CEC3243C5EE3007C75A5 /* SceneDelegate.m */; };
		1806CEC7243C5EE3007C75A5 /* ViewController.m in Sources */ = {isa = PBXBuildFile; fileRef = 1806CEC6243C5EE3007C75A5 /* ViewController.m */; };
		1806CECA243C5EE3007C75A5 /* Main.storyboard in Resources */ = {isa = PBXBuildFile; fileRef = 1806CEC8243C5EE3007C75A5 /* Main.storyboard */; };
		1806CECC243C5EE5007C75A5 /* Assets.xcassets in Resources */ = {isa = PBXBuildFile; fileRef = 1806CECB243C5EE5007C75A5 /* Assets.xcassets */; };
		1806CECF243C5EE5007C75A5 /* LaunchScreen.storyboard in Resources */ = {isa = PBXBuildFile; fileRef = 1806CECD243C5EE5007C75A5 /* LaunchScreen.storyboard */; };
		1806CED2243C5EE5007C75A5 /* main.m in Sources */ = {isa = PBXBuildFile; fileRef = 1806CED1243C5EE5007C75A5 /* main.m */; };
		1806CEDA243C6057007C75A5 /* DDFunctionMonitorTimeTool.m in Sources */ = {isa = PBXBuildFile; fileRef = 1806CED9243C6057007C75A5 /* DDFunctionMonitorTimeTool.m */; };
		1806CEE0243C7145007C75A5 /* BSBacktraceLogger.m in Sources */ = {isa = PBXBuildFile; fileRef = 1806CEDE243C7145007C75A5 /* BSBacktraceLogger.m */; };
		1806CEE3243C74AE007C75A5 /* DDTimeModel.m in Sources */ = {isa = PBXBuildFile; fileRef = 1806CEE2243C74AE007C75A5 /* DDTimeModel.m */; };
		584989504F911EF8B92DD0C4 /* libPods-DDFuctionMonitorTime.a in Frameworks */ = {isa = PBXBuildFile; fileRef = D8EDDC7B2BB7822828AC1738 /* libPods-DDFuctionMonitorTime.a */; };
/* End PBXBuildFile section */

/* Begin PBXFileReference section */
		1806CEBC243C5EE3007C75A5 /* DDFuctionMonitorTime.app */ = {isa = PBXFileReference; explicitFileType = wrapper.application; includeInIndex = 0; path = DDFuctionMonitorTime.app; sourceTree = BUILT_PRODUCTS_DIR; };
		1806CEBF243C5EE3007C75A5 /* AppDelegate.h */ = {isa = PBXFileReference; lastKnownFileType = sourcecode.c.h; path = AppDelegate.h; sourceTree = "<group>"; };
		1806CEC0243C5EE3007C75A5 /* AppDelegate.m */ = {isa = PBXFileReference; lastKnownFileType = sourcecode.c.objc; path = AppDelegate.m; sourceTree = "<group>"; };
		1806CEC2243C5EE3007C75A5 /* SceneDelegate.h */ = {isa = PBXFileReference; lastKnownFileType = sourcecode.c.h; path = SceneDelegate.h; sourceTree = "<group>"; };
		1806CEC3243C5EE3007C75A5 /* SceneDelegate.m */ = {isa = PBXFileReference; lastKnownFileType = sourcecode.c.objc; path = SceneDelegate.m; sourceTree = "<group>"; };
		1806CEC5243C5EE3007C75A5 /* ViewController.h */ = {isa = PBXFileReference; lastKnownFileType = sourcecode.c.h; path = ViewController.h; sourceTree = "<group>"; };
		1806CEC6243C5EE3007C75A5 /* ViewController.m */ = {isa = PBXFileReference; lastKnownFileType = sourcecode.c.objc; path = ViewController.m; sourceTree = "<group>"; };
		1806CEC9243C5EE3007C75A5 /* Base */ = {isa = PBXFileReference; lastKnownFileType = file.storyboard; name = Base; path = Base.lproj/Main.storyboard; sourceTree = "<group>"; };
		1806CECB243C5EE5007C75A5 /* Assets.xcassets */ = {isa = PBXFileReference; lastKnownFileType = folder.assetcatalog; path = Assets.xcassets; sourceTree = "<group>"; };
		1806CECE243C5EE5007C75A5 /* Base */ = {isa = PBXFileReference; lastKnownFileType = file.storyboard; name = Base; path = Base.lproj/LaunchScreen.storyboard; sourceTree = "<group>"; };
		1806CED0243C5EE5007C75A5 /* Info.plist */ = {isa = PBXFileReference; lastKnownFileType = text.plist.xml; path = Info.plist; sourceTree = "<group>"; };
		1806CED1243C5EE5007C75A5 /* main.m */ = {isa = PBXFileReference; lastKnownFileType = sourcecode.c.objc; path = main.m; sourceTree = "<group>"; };
		1806CED8243C6057007C75A5 /* DDFunctionMonitorTimeTool.h */ = {isa = PBXFileReference; lastKnownFileType = sourcecode.c.h; path = DDFunctionMonitorTimeTool.h; sourceTree = "<group>"; };
		1806CED9243C6057007C75A5 /* DDFunctionMonitorTimeTool.m */ = {isa = PBXFileReference; lastKnownFileType = sourcecode.c.objc; path = DDFunctionMonitorTimeTool.m; sourceTree = "<group>"; };
		1806CEDE243C7145007C75A5 /* BSBacktraceLogger.m */ = {isa = PBXFileReference; fileEncoding = 4; lastKnownFileType = sourcecode.c.objc; path = BSBacktraceLogger.m; sourceTree = "<group>"; };
		1806CEDF243C7145007C75A5 /* BSBacktraceLogger.h */ = {isa = PBXFileReference; fileEncoding = 4; lastKnownFileType = sourcecode.c.h; path = BSBacktraceLogger.h; sourceTree = "<group>"; };
		1806CEE1243C74AE007C75A5 /* DDTimeModel.h */ = {isa = PBXFileReference; lastKnownFileType = sourcecode.c.h; path = DDTimeModel.h; sourceTree = "<group>"; };
		1806CEE2243C74AE007C75A5 /* DDTimeModel.m */ = {isa = PBXFileReference; lastKnownFileType = sourcecode.c.objc; path = DDTimeModel.m; sourceTree = "<group>"; };
		467528FB5F89CC02260E090D /* Pods-DDFuctionMonitorTime.debug.xcconfig */ = {isa = PBXFileReference; includeInIndex = 1; lastKnownFileType = text.xcconfig; name = "Pods-DDFuctionMonitorTime.debug.xcconfig"; path = "Target Support Files/Pods-DDFuctionMonitorTime/Pods-DDFuctionMonitorTime.debug.xcconfig"; sourceTree = "<group>"; };
		B05451AFC432D3D8609D1B39 /* Pods-DDFuctionMonitorTime.release.xcconfig */ = {isa = PBXFileReference; includeInIndex = 1; lastKnownFileType = text.xcconfig; name = "Pods-DDFuctionMonitorTime.release.xcconfig"; path = "Target Support Files/Pods-DDFuctionMonitorTime/Pods-DDFuctionMonitorTime.release.xcconfig"; sourceTree = "<group>"; };
		D8EDDC7B2BB7822828AC1738 /* libPods-DDFuctionMonitorTime.a */ = {isa = PBXFileReference; explicitFileType = archive.ar; includeInIndex = 0; path = "libPods-DDFuctionMonitorTime.a"; sourceTree = BUILT_PRODUCTS_DIR; };
/* End PBXFileReference section */

/* Begin PBXFrameworksBuildPhase section */
		1806CEB9243C5EE3007C75A5 /* Frameworks */ = {
			isa = PBXFrameworksBuildPhase;
			buildActionMask = 2147483647;
			files = (
				584989504F911EF8B92DD0C4 /* libPods-DDFuctionMonitorTime.a in Frameworks */,
			);
			runOnlyForDeploymentPostprocessing = 0;
		};
/* End PBXFrameworksBuildPhase section */

/* Begin PBXGroup section */
		1806CEB3243C5EE3007C75A5 = {
			isa = PBXGroup;
			children = (
				1806CEBE243C5EE3007C75A5 /* DDFuctionMonitorTime */,
				1806CEBD243C5EE3007C75A5 /* Products */,
				8EF3B7C3D584CD447DB4532C /* Pods */,
				B32752556389B903F3B052B7 /* Frameworks */,
			);
			sourceTree = "<group>";
		};
		1806CEBD243C5EE3007C75A5 /* Products */ = {
			isa = PBXGroup;
			children = (
				1806CEBC243C5EE3007C75A5 /* DDFuctionMonitorTime.app */,
			);
			name = Products;
			sourceTree = "<group>";
		};
		1806CEBE243C5EE3007C75A5 /* DDFuctionMonitorTime */ = {
			isa = PBXGroup;
			children = (
				1806CEDF243C7145007C75A5 /* BSBacktraceLogger.h */,
				1806CEDE243C7145007C75A5 /* BSBacktraceLogger.m */,
				1806CED8243C6057007C75A5 /* DDFunctionMonitorTimeTool.h */,
				1806CED9243C6057007C75A5 /* DDFunctionMonitorTimeTool.m */,
				1806CEE1243C74AE007C75A5 /* DDTimeModel.h */,
				1806CEE2243C74AE007C75A5 /* DDTimeModel.m */,
				1806CEBF243C5EE3007C75A5 /* AppDelegate.h */,
				1806CEC0243C5EE3007C75A5 /* AppDelegate.m */,
				1806CEC2243C5EE3007C75A5 /* SceneDelegate.h */,
				1806CEC3243C5EE3007C75A5 /* SceneDelegate.m */,
				1806CEC5243C5EE3007C75A5 /* ViewController.h */,
				1806CEC6243C5EE3007C75A5 /* ViewController.m */,
				1806CEC8243C5EE3007C75A5 /* Main.storyboard */,
				1806CECB243C5EE5007C75A5 /* Assets.xcassets */,
				1806CECD243C5EE5007C75A5 /* LaunchScreen.storyboard */,
				1806CED0243C5EE5007C75A5 /* Info.plist */,
				1806CED1243C5EE5007C75A5 /* main.m */,
			);
			path = DDFuctionMonitorTime;
			sourceTree = "<group>";
		};
		8EF3B7C3D584CD447DB4532C /* Pods */ = {
			isa = PBXGroup;
			children = (
				467528FB5F89CC02260E090D /* Pods-DDFuctionMonitorTime.debug.xcconfig */,
				B05451AFC432D3D8609D1B39 /* Pods-DDFuctionMonitorTime.release.xcconfig */,
			);
			path = Pods;
			sourceTree = "<group>";
		};
		B32752556389B903F3B052B7 /* Frameworks */ = {
			isa = PBXGroup;
			children = (
				D8EDDC7B2BB7822828AC1738 /* libPods-DDFuctionMonitorTime.a */,
			);
			name = Frameworks;
			sourceTree = "<group>";
		};
/* End PBXGroup section */

/* Begin PBXNativeTarget section */
		1806CEBB243C5EE3007C75A5 /* DDFuctionMonitorTime */ = {
			isa = PBXNativeTarget;
			buildConfigurationList = 1806CED5243C5EE5007C75A5 /* Build configuration list for PBXNativeTarget "DDFuctionMonitorTime" */;
			buildPhases = (
				5D4BB581F190632A2F85EC9F /* [CP] Check Pods Manifest.lock */,
				1806CEB8243C5EE3007C75A5 /* Sources */,
				1806CEB9243C5EE3007C75A5 /* Frameworks */,
				1806CEBA243C5EE3007C75A5 /* Resources */,
			);
			buildRules = (
			);
			dependencies = (
			);
			name = DDFuctionMonitorTime;
			productName = DDFuctionMonitorTime;
			productReference = 1806CEBC243C5EE3007C75A5 /* DDFuctionMonitorTime.app */;
			productType = "com.apple.product-type.application";
		};
/* End PBXNativeTarget section */

/* Begin PBXProject section */
		1806CEB4243C5EE3007C75A5 /* Project object */ = {
			isa = PBXProject;
			attributes = {
				LastUpgradeCheck = 1130;
				ORGANIZATIONNAME = DD;
				TargetAttributes = {
					1806CEBB243C5EE3007C75A5 = {
						CreatedOnToolsVersion = 11.3.1;
					};
				};
			};
			buildConfigurationList = 1806CEB7243C5EE3007C75A5 /* Build configuration list for PBXProject "DDFuctionMonitorTime" */;
			compatibilityVersion = "Xcode 9.3";
			developmentRegion = en;
			hasScannedForEncodings = 0;
			knownRegions = (
				en,
				Base,
			);
			mainGroup = 1806CEB3243C5EE3007C75A5;
			productRefGroup = 1806CEBD243C5EE3007C75A5 /* Products */;
			projectDirPath = "";
			projectRoot = "";
			targets = (
				1806CEBB243C5EE3007C75A5 /* DDFuctionMonitorTime */,
			);
		};
/* End PBXProject section */

/* Begin PBXResourcesBuildPhase section */
		1806CEBA243C5EE3007C75A5 /* Resources */ = {
			isa = PBXResourcesBuildPhase;
			buildActionMask = 2147483647;
			files = (
				1806CECF243C5EE5007C75A5 /* LaunchScreen.storyboard in Resources */,
				1806CECC243C5EE5007C75A5 /* Assets.xcassets in Resources */,
				1806CECA243C5EE3007C75A5 /* Main.storyboard in Resources */,
			);
			runOnlyForDeploymentPostprocessing = 0;
		};
/* End PBXResourcesBuildPhase section */

/* Begin PBXShellScriptBuildPhase section */
		5D4BB581F190632A2F85EC9F /* [CP] Check Pods Manifest.lock */ = {
			isa = PBXShellScriptBuildPhase;
			buildActionMask = 2147483647;
			files = (
			);
			inputFileListPaths = (
			);
			inputPaths = (
				"${PODS_PODFILE_DIR_PATH}/Podfile.lock",
				"${PODS_ROOT}/Manifest.lock",
			);
			name = "[CP] Check Pods Manifest.lock";
			outputFileListPaths = (
			);
			outputPaths = (
				"$(DERIVED_FILE_DIR)/Pods-DDFuctionMonitorTime-checkManifestLockResult.txt",
			);
			runOnlyForDeploymentPostprocessing = 0;
			shellPath = /bin/sh;
			shellScript = "diff \"${PODS_PODFILE_DIR_PATH}/Podfile.lock\" \"${PODS_ROOT}/Manifest.lock\" > /dev/null\nif [ $? != 0 ] ; then\n    # print error to STDERR\n    echo \"error: The sandbox is not in sync with the Podfile.lock. Run 'pod install' or update your CocoaPods installation.\" >&2\n    exit 1\nfi\n# This output is used by Xcode 'outputs' to avoid re-running this script phase.\necho \"SUCCESS\" > \"${SCRIPT_OUTPUT_FILE_0}\"\n";
			showEnvVarsInLog = 0;
		};
/* End PBXShellScriptBuildPhase section */

/* Begin PBXSourcesBuildPhase section */
		1806CEB8243C5EE3007C75A5 /* Sources */ = {
			isa = PBXSourcesBuildPhase;
			buildActionMask = 2147483647;
			files = (
				1806CEC7243C5EE3007C75A5 /* ViewController.m in Sources */,
				1806CEE0243C7145007C75A5 /* BSBacktraceLogger.m in Sources */,
				1806CEC1243C5EE3007C75A5 /* AppDelegate.m in Sources */,
				1806CED2243C5EE5007C75A5 /* main.m in Sources */,
				1806CEE3243C74AE007C75A5 /* DDTimeModel.m in Sources */,
				1806CEDA243C6057007C75A5 /* DDFunctionMonitorTimeTool.m in Sources */,
				1806CEC4243C5EE3007C75A5 /* SceneDelegate.m in Sources */,
			);
			runOnlyForDeploymentPostprocessing = 0;
		};
/* End PBXSourcesBuildPhase section */

/* Begin PBXVariantGroup section */
		1806CEC8243C5EE3007C75A5 /* Main.storyboard */ = {
			isa = PBXVariantGroup;
			children = (
				1806CEC9243C5EE3007C75A5 /* Base */,
			);
			name = Main.storyboard;
			sourceTree = "<group>";
		};
		1806CECD243C5EE5007C75A5 /* LaunchScreen.storyboard */ = {
			isa = PBXVariantGroup;
			children = (
				1806CECE243C5EE5007C75A5 /* Base */,
			);
			name = LaunchScreen.storyboard;
			sourceTree = "<group>";
		};
/* End PBXVariantGroup section */

/* Begin XCBuildConfiguration section */
		1806CED3243C5EE5007C75A5 /* Debug */ = {
			isa = XCBuildConfiguration;
			buildSettings = {
				ALWAYS_SEARCH_USER_PATHS = NO;
				CLANG_ANALYZER_NONNULL = YES;
				CLANG_ANALYZER_NUMBER_OBJECT_CONVERSION = YES_AGGRESSIVE;
				CLANG_CXX_LANGUAGE_STANDARD = "gnu++14";
				CLANG_CXX_LIBRARY = "libc++";
				CLANG_ENABLE_MODULES = YES;
				CLANG_ENABLE_OBJC_ARC = YES;
				CLANG_ENABLE_OBJC_WEAK = YES;
				CLANG_WARN_BLOCK_CAPTURE_AUTORELEASING = YES;
				CLANG_WARN_BOOL_CONVERSION = YES;
				CLANG_WARN_COMMA = YES;
				CLANG_WARN_CONSTANT_CONVERSION = YES;
				CLANG_WARN_DEPRECATED_OBJC_IMPLEMENTATIONS = YES;
				CLANG_WARN_DIRECT_OBJC_ISA_USAGE = YES_ERROR;
				CLANG_WARN_DOCUMENTATION_COMMENTS = YES;
				CLANG_WARN_EMPTY_BODY = YES;
				CLANG_WARN_ENUM_CONVERSION = YES;
				CLANG_WARN_INFINITE_RECURSION = YES;
				CLANG_WARN_INT_CONVERSION = YES;
				CLANG_WARN_NON_LITERAL_NULL_CONVERSION = YES;
				CLANG_WARN_OBJC_IMPLICIT_RETAIN_SELF = YES;
				CLANG_WARN_OBJC_LITERAL_CONVERSION = YES;
				CLANG_WARN_OBJC_ROOT_CLASS = YES_ERROR;
				CLANG_WARN_RANGE_LOOP_ANALYSIS = YES;
				CLANG_WARN_STRICT_PROTOTYPES = YES;
				CLANG_WARN_SUSPICIOUS_MOVE = YES;
				CLANG_WARN_UNGUARDED_AVAILABILITY = YES_AGGRESSIVE;
				CLANG_WARN_UNREACHABLE_CODE = YES;
				CLANG_WARN__DUPLICATE_METHOD_MATCH = YES;
				COPY_PHASE_STRIP = NO;
				DEBUG_INFORMATION_FORMAT = dwarf;
				ENABLE_STRICT_OBJC_MSGSEND = YES;
				ENABLE_TESTABILITY = YES;
				GCC_C_LANGUAGE_STANDARD = gnu11;
				GCC_DYNAMIC_NO_PIC = NO;
				GCC_NO_COMMON_BLOCKS = YES;
				GCC_OPTIMIZATION_LEVEL = 0;
				GCC_PREPROCESSOR_DEFINITIONS = (
					"DEBUG=1",
					"$(inherited)",
				);
				GCC_WARN_64_TO_32_BIT_CONVERSION = YES;
				GCC_WARN_ABOUT_RETURN_TYPE = YES_ERROR;
				GCC_WARN_UNDECLARED_SELECTOR = YES;
				GCC_WARN_UNINITIALIZED_AUTOS = YES_AGGRESSIVE;
				GCC_WARN_UNUSED_FUNCTION = YES;
				GCC_WARN_UNUSED_VARIABLE = YES;
				IPHONEOS_DEPLOYMENT_TARGET = 13.2;
				MTL_ENABLE_DEBUG_INFO = INCLUDE_SOURCE;
				MTL_FAST_MATH = YES;
				ONLY_ACTIVE_ARCH = YES;
				SDKROOT = iphoneos;
			};
			name = Debug;
		};
		1806CED4243C5EE5007C75A5 /* Release */ = {
			isa = XCBuildConfiguration;
			buildSettings = {
				ALWAYS_SEARCH_USER_PATHS = NO;
				CLANG_ANALYZER_NONNULL = YES;
				CLANG_ANALYZER_NUMBER_OBJECT_CONVERSION = YES_AGGRESSIVE;
				CLANG_CXX_LANGUAGE_STANDARD = "gnu++14";
				CLANG_CXX_LIBRARY = "libc++";
				CLANG_ENABLE_MODULES = YES;
				CLANG_ENABLE_OBJC_ARC = YES;
				CLANG_ENABLE_OBJC_WEAK = YES;
				CLANG_WARN_BLOCK_CAPTURE_AUTORELEASING = YES;
				CLANG_WARN_BOOL_CONVERSION = YES;
				CLANG_WARN_COMMA = YES;
				CLANG_WARN_CONSTANT_CONVERSION = YES;
				CLANG_WARN_DEPRECATED_OBJC_IMPLEMENTATIONS = YES;
				CLANG_WARN_DIRECT_OBJC_ISA_USAGE = YES_ERROR;
				CLANG_WARN_DOCUMENTATION_COMMENTS = YES;
				CLANG_WARN_EMPTY_BODY = YES;
				CLANG_WARN_ENUM_CONVERSION = YES;
				CLANG_WARN_INFINITE_RECURSION = YES;
				CLANG_WARN_INT_CONVERSION = YES;
				CLANG_WARN_NON_LITERAL_NULL_CONVERSION = YES;
				CLANG_WARN_OBJC_IMPLICIT_RETAIN_SELF = YES;
				CLANG_WARN_OBJC_LITERAL_CONVERSION = YES;
				CLANG_WARN_OBJC_ROOT_CLASS = YES_ERROR;
				CLANG_WARN_RANGE_LOOP_ANALYSIS = YES;
				CLANG_WARN_STRICT_PROTOTYPES = YES;
				CLANG_WARN_SUSPICIOUS_MOVE = YES;
				CLANG_WARN_UNGUARDED_AVAILABILITY = YES_AGGRESSIVE;
				CLANG_WARN_UNREACHABLE_CODE = YES;
				CLANG_WARN__DUPLICATE_METHOD_MATCH = YES;
				COPY_PHASE_STRIP = NO;
				DEBUG_INFORMATION_FORMAT = "dwarf-with-dsym";
				ENABLE_NS_ASSERTIONS = NO;
				ENABLE_STRICT_OBJC_MSGSEND = YES;
				GCC_C_LANGUAGE_STANDARD = gnu11;
				GCC_NO_COMMON_BLOCKS = YES;
				GCC_WARN_64_TO_32_BIT_CONVERSION = YES;
				GCC_WARN_ABOUT_RETURN_TYPE = YES_ERROR;
				GCC_WARN_UNDECLARED_SELECTOR = YES;
				GCC_WARN_UNINITIALIZED_AUTOS = YES_AGGRESSIVE;
				GCC_WARN_UNUSED_FUNCTION = YES;
				GCC_WARN_UNUSED_VARIABLE = YES;
				IPHONEOS_DEPLOYMENT_TARGET = 13.2;
				MTL_ENABLE_DEBUG_INFO = NO;
				MTL_FAST_MATH = YES;
				SDKROOT = iphoneos;
				VALIDATE_PRODUCT = YES;
			};
			name = Release;
		};
		1806CED6243C5EE5007C75A5 /* Debug */ = {
			isa = XCBuildConfiguration;
			baseConfigurationReference = 467528FB5F89CC02260E090D /* Pods-DDFuctionMonitorTime.debug.xcconfig */;
			buildSettings = {
				ASSETCATALOG_COMPILER_APPICON_NAME = AppIcon;
				CODE_SIGN_STYLE = Automatic;
				INFOPLIST_FILE = DDFuctionMonitorTime/Info.plist;
				LD_RUNPATH_SEARCH_PATHS = (
					"$(inherited)",
					"@executable_path/Frameworks",
				);
				PRODUCT_BUNDLE_IDENTIFIER = DD.DDFuctionMonitorTime;
				PRODUCT_NAME = "$(TARGET_NAME)";
				TARGETED_DEVICE_FAMILY = "1,2";
			};
			name = Debug;
		};
		1806CED7243C5EE5007C75A5 /* Release */ = {
			isa = XCBuildConfiguration;
			baseConfigurationReference = B05451AFC432D3D8609D1B39 /* Pods-DDFuctionMonitorTime.release.xcconfig */;
			buildSettings = {
				ASSETCATALOG_COMPILER_APPICON_NAME = AppIcon;
				CODE_SIGN_STYLE = Automatic;
				INFOPLIST_FILE = DDFuctionMonitorTime/Info.plist;
				LD_RUNPATH_SEARCH_PATHS = (
					"$(inherited)",
					"@executable_path/Frameworks",
				);
				PRODUCT_BUNDLE_IDENTIFIER = DD.DDFuctionMonitorTime;
				PRODUCT_NAME = "$(TARGET_NAME)";
				TARGETED_DEVICE_FAMILY = "1,2";
			};
			name = Release;
		};
/* End XCBuildConfiguration section */

/* Begin XCConfigurationList section */
		1806CEB7243C5EE3007C75A5 /* Build configuration list for PBXProject "DDFuctionMonitorTime" */ = {
			isa = XCConfigurationList;
			buildConfigurations = (
				1806CED3243C5EE5007C75A5 /* Debug */,
				1806CED4243C5EE5007C75A5 /* Release */,
			);
			defaultConfigurationIsVisible = 0;
			defaultConfigurationName = Release;
		};
		1806CED5243C5EE5007C75A5 /* Build configuration list for PBXNativeTarget "DDFuctionMonitorTime" */ = {
			isa = XCConfigurationList;
			buildConfigurations = (
				1806CED6243C5EE5007C75A5 /* Debug */,
				1806CED7243C5EE5007C75A5 /* Release */,
			);
			defaultConfigurationIsVisible = 0;
			defaultConfigurationName = Release;
		};
/* End XCConfigurationList section */
	};
	rootObject = 1806CEB4243C5EE3007C75A5 /* Project object */;
}
